
Microsoft Visual Studio Solution File, Format Version 12.00
# Visual Studio 15
VisualStudioVersion = 15.0.28010.2050
MinimumVisualStudioVersion = 10.0.40219.1
Project("{FAE04EC0-301F-11D3-BF4B-00C04F79EFBC}") = "Inventory Data Analysis", "AgingOutOfStock1\Inventory Data Analysis.csproj", "{E64B1E0F-A755-4B60-AAEB-ECE8ABBBA96C}"
EndProject
Global
	GlobalSection(SolutionConfigurationPlatforms) = preSolution
		Debug|Any CPU = Debug|Any CPU
		Release|Any CPU = Release|Any CPU
	EndGlobalSection
	GlobalSection(ProjectConfigurationPlatforms) = postSolution
		{E64B1E0F-A755-4B60-AAEB-ECE8ABBBA96C}.Debug|Any CPU.ActiveCfg = Debug|Any CPU
		{E64B1E0F-A755-4B60-AAEB-ECE8ABBBA96C}.Debug|Any CPU.Build.0 = Debug|Any CPU
		{E64B1E0F-A755-4B60-AAEB-ECE8ABBBA96C}.Release|Any CPU.ActiveCfg = Release|Any CPU
		{E64B1E0F-A755-4B60-AAEB-ECE8ABBBA96C}.Release|Any CPU.Build.0 = Release|Any CPU
	EndGlobalSection
	GlobalSection(SolutionProperties) = preSolution
		HideSolutionNode = FALSE
	EndGlobalSection
	GlobalSection(ExtensibilityGlobals) = postSolution
		SolutionGuid = {69C19802-5841-4D6E-B513-C3D66E0E3187}
	EndGlobalSection
EndGlobal
